
Microsoft Visual Studio Solution File, Format Version 12.00
# Visual Studio Version 17
VisualStudioVersion = 17.7.34031.279
MinimumVisualStudioVersion = 10.0.40219.1
Project("{8BC9CEB8-8B4A-11D0-8D11-00A0C91BC942}") = "7.1(it)", "7.1(it)\7.1(it).vcxproj", "{7D814ADC-0E22-4F07-AF32-DF527C7C6A17}"
EndProject
Project("{8BC9CEB8-8B4A-11D0-8D11-00A0C91BC942}") = "Project1", "Project1\Project1.vcxproj", "{B0442870-EEB6-4CD6-9DF4-659BCA96272F}"
EndProject
Project("{8BC9CEB8-8B4A-11D0-8D11-00A0C91BC942}") = "UnitTest1", "UnitTest1\UnitTest1.vcxproj", "{6944E76A-E0F8-4C6A-976C-41D74959F97F}"
EndProject
Global
	GlobalSection(SolutionConfigurationPlatforms) = preSolution
		Debug|x64 = Debug|x64
		Debug|x86 = Debug|x86
		Release|x64 = Release|x64
		Release|x86 = Release|x86
	EndGlobalSection
	GlobalSection(ProjectConfigurationPlatforms) = postSolution
		{7D814ADC-0E22-4F07-AF32-DF527C7C6A17}.Debug|x64.ActiveCfg = Debug|x64
		{7D814ADC-0E22-4F07-AF32-DF527C7C6A17}.Debug|x64.Build.0 = Debug|x64
		{7D814ADC-0E22-4F07-AF32-DF527C7C6A17}.Debug|x86.ActiveCfg = Debug|Win32
		{7D814ADC-0E22-4F07-AF32-DF527C7C6A17}.Debug|x86.Build.0 = Debug|Win32
		{7D814ADC-0E22-4F07-AF32-DF527C7C6A17}.Release|x64.ActiveCfg = Release|x64
		{7D814ADC-0E22-4F07-AF32-DF527C7C6A17}.Release|x64.Build.0 = Release|x64
		{7D814ADC-0E22-4F07-AF32-DF527C7C6A17}.Release|x86.ActiveCfg = Release|Win32
		{7D814ADC-0E22-4F07-AF32-DF527C7C6A17}.Release|x86.Build.0 = Release|Win32
		{B0442870-EEB6-4CD6-9DF4-659BCA96272F}.Debug|x64.ActiveCfg = Debug|x64
		{B0442870-EEB6-4CD6-9DF4-659BCA96272F}.Debug|x64.Build.0 = Debug|x64
		{B0442870-EEB6-4CD6-9DF4-659BCA96272F}.Debug|x86.ActiveCfg = Debug|Win32
		{B0442870-EEB6-4CD6-9DF4-659BCA96272F}.Debug|x86.Build.0 = Debug|Win32
		{B0442870-EEB6-4CD6-9DF4-659BCA96272F}.Release|x64.ActiveCfg = Release|x64
		{B0442870-EEB6-4CD6-9DF4-659BCA96272F}.Release|x64.Build.0 = Release|x64
		{B0442870-EEB6-4CD6-9DF4-659BCA96272F}.Release|x86.ActiveCfg = Release|Win32
		{B0442870-EEB6-4CD6-9DF4-659BCA96272F}.Release|x86.Build.0 = Release|Win32
		{6944E76A-E0F8-4C6A-976C-41D74959F97F}.Debug|x64.ActiveCfg = Debug|x64
		{6944E76A-E0F8-4C6A-976C-41D74959F97F}.Debug|x64.Build.0 = Debug|x64
		{6944E76A-E0F8-4C6A-976C-41D74959F97F}.Debug|x86.ActiveCfg = Debug|Win32
		{6944E76A-E0F8-4C6A-976C-41D74959F97F}.Debug|x86.Build.0 = Debug|Win32
		{6944E76A-E0F8-4C6A-976C-41D74959F97F}.Release|x64.ActiveCfg = Release|x64
		{6944E76A-E0F8-4C6A-976C-41D74959F97F}.Release|x64.Build.0 = Release|x64
		{6944E76A-E0F8-4C6A-976C-41D74959F97F}.Release|x86.ActiveCfg = Release|Win32
		{6944E76A-E0F8-4C6A-976C-41D74959F97F}.Release|x86.Build.0 = Release|Win32
	EndGlobalSection
	GlobalSection(SolutionProperties) = preSolution
		HideSolutionNode = FALSE
	EndGlobalSection
	GlobalSection(ExtensibilityGlobals) = postSolution
		SolutionGuid = {59158750-9AE6-4F30-9A14-BFFB2ED629CA}
	EndGlobalSection
EndGlobal
